
Microsoft Visual Studio Solution File, Format Version 12.00
# Visual Studio Version 17
VisualStudioVersion = 17.7.34024.191
MinimumVisualStudioVersion = 10.0.40219.1
Project("{FAE04EC0-301F-11D3-BF4B-00C04F79EFBC}") = "beautysoft", "beautysoft\beautysoft.csproj", "{43930DF5-E9C0-43F3-B5C9-5B7188D49549}"
EndProject
Global
	GlobalSection(SolutionConfigurationPlatforms) = preSolution
		Debug|Any CPU = Debug|Any CPU
		Release|Any CPU = Release|Any CPU
	EndGlobalSection
	GlobalSection(ProjectConfigurationPlatforms) = postSolution
		{43930DF5-E9C0-43F3-B5C9-5B7188D49549}.Debug|Any CPU.ActiveCfg = Debug|Any CPU
		{43930DF5-E9C0-43F3-B5C9-5B7188D49549}.Debug|Any CPU.Build.0 = Debug|Any CPU
		{43930DF5-E9C0-43F3-B5C9-5B7188D49549}.Release|Any CPU.ActiveCfg = Release|Any CPU
		{43930DF5-E9C0-43F3-B5C9-5B7188D49549}.Release|Any CPU.Build.0 = Release|Any CPU
	EndGlobalSection
	GlobalSection(SolutionProperties) = preSolution
		HideSolutionNode = FALSE
	EndGlobalSection
	GlobalSection(ExtensibilityGlobals) = postSolution
		SolutionGuid = {A2287EB6-6375-4CE2-840A-DC118CDCA69C}
	EndGlobalSection
EndGlobal
